// !$*UTF8*$!
{
	archiveVersion = 1;
	classes = {
	};
	objectVersion = 55;
	objects = {

/* Begin PBXBuildFile section */
		9F141E1828B1702B0064469F /* main.swift in Sources */ = {isa = PBXBuildFile; fileRef = 9F141E1728B1702B0064469F /* main.swift */; };
		9F141E1F28B170870064469F /* ConsoleIO.swift in Sources */ = {isa = PBXBuildFile; fileRef = 9F141E1E28B170870064469F /* ConsoleIO.swift */; };
		9F6BEFF928B17D41003BDB52 /* MiniCron.swift in Sources */ = {isa = PBXBuildFile; fileRef = 9F6BEFF828B17D41003BDB52 /* MiniCron.swift */; };
		9F6BEFFB28B2A3A6003BDB52 /* Extensions.swift in Sources */ = {isa = PBXBuildFile; fileRef = 9F6BEFFA28B2A3A6003BDB52 /* Extensions.swift */; };
		9F88255A28B3B7B8009C8DCA /* MiniCronTests.swift in Sources */ = {isa = PBXBuildFile; fileRef = 9F88255928B3B7B8009C8DCA /* MiniCronTests.swift */; };
		9FF0B4B328B3EBB600C44B7B /* ConsoleIO.swift in Sources */ = {isa = PBXBuildFile; fileRef = 9F141E1E28B170870064469F /* ConsoleIO.swift */; };
		9FF0B4B428B3EBB900C44B7B /* MiniCron.swift in Sources */ = {isa = PBXBuildFile; fileRef = 9F6BEFF828B17D41003BDB52 /* MiniCron.swift */; };
		9FF0B4B528B3EBBC00C44B7B /* Extensions.swift in Sources */ = {isa = PBXBuildFile; fileRef = 9F6BEFFA28B2A3A6003BDB52 /* Extensions.swift */; };
/* End PBXBuildFile section */

/* Begin PBXCopyFilesBuildPhase section */
		9F141E1228B1702B0064469F /* CopyFiles */ = {
			isa = PBXCopyFilesBuildPhase;
			buildActionMask = 2147483647;
			dstPath = /usr/share/man/man1/;
			dstSubfolderSpec = 0;
			files = (
			);
			runOnlyForDeploymentPostprocessing = 1;
		};
/* End PBXCopyFilesBuildPhase section */

/* Begin PBXFileReference section */
		9F141E1428B1702B0064469F /* MiniCron */ = {isa = PBXFileReference; explicitFileType = "compiled.mach-o.executable"; includeInIndex = 0; path = MiniCron; sourceTree = BUILT_PRODUCTS_DIR; };
		9F141E1728B1702B0064469F /* main.swift */ = {isa = PBXFileReference; lastKnownFileType = sourcecode.swift; path = main.swift; sourceTree = "<group>"; };
		9F141E1E28B170870064469F /* ConsoleIO.swift */ = {isa = PBXFileReference; lastKnownFileType = sourcecode.swift; path = ConsoleIO.swift; sourceTree = "<group>"; };
		9F6BEFF828B17D41003BDB52 /* MiniCron.swift */ = {isa = PBXFileReference; lastKnownFileType = sourcecode.swift; path = MiniCron.swift; sourceTree = "<group>"; };
		9F6BEFFA28B2A3A6003BDB52 /* Extensions.swift */ = {isa = PBXFileReference; lastKnownFileType = sourcecode.swift; path = Extensions.swift; sourceTree = "<group>"; };
		9F88255728B3B7B8009C8DCA /* MiniCronTests.xctest */ = {isa = PBXFileReference; explicitFileType = wrapper.cfbundle; includeInIndex = 0; path = MiniCronTests.xctest; sourceTree = BUILT_PRODUCTS_DIR; };
		9F88255928B3B7B8009C8DCA /* MiniCronTests.swift */ = {isa = PBXFileReference; lastKnownFileType = sourcecode.swift; path = MiniCronTests.swift; sourceTree = "<group>"; };
		9FF0B4B228B3EB6400C44B7B /* MiniCronTestPlan.xctestplan */ = {isa = PBXFileReference; lastKnownFileType = text; name = MiniCronTestPlan.xctestplan; path = MiniCron.xcodeproj/MiniCronTestPlan.xctestplan; sourceTree = "<group>"; };
/* End PBXFileReference section */

/* Begin PBXFrameworksBuildPhase section */
		9F141E1128B1702B0064469F /* Frameworks */ = {
			isa = PBXFrameworksBuildPhase;
			buildActionMask = 2147483647;
			files = (
			);
			runOnlyForDeploymentPostprocessing = 0;
		};
		9F88255428B3B7B8009C8DCA /* Frameworks */ = {
			isa = PBXFrameworksBuildPhase;
			buildActionMask = 2147483647;
			files = (
			);
			runOnlyForDeploymentPostprocessing = 0;
		};
/* End PBXFrameworksBuildPhase section */

/* Begin PBXGroup section */
		9F141E0B28B1702B0064469F = {
			isa = PBXGroup;
			children = (
				9FF0B4B228B3EB6400C44B7B /* MiniCronTestPlan.xctestplan */,
				9F141E1628B1702B0064469F /* MiniCron */,
				9F88255828B3B7B8009C8DCA /* MiniCronTests */,
				9F141E1528B1702B0064469F /* Products */,
			);
			sourceTree = "<group>";
		};
		9F141E1528B1702B0064469F /* Products */ = {
			isa = PBXGroup;
			children = (
				9F141E1428B1702B0064469F /* MiniCron */,
				9F88255728B3B7B8009C8DCA /* MiniCronTests.xctest */,
			);
			name = Products;
			sourceTree = "<group>";
		};
		9F141E1628B1702B0064469F /* MiniCron */ = {
			isa = PBXGroup;
			children = (
				9F141E1728B1702B0064469F /* main.swift */,
				9F141E1E28B170870064469F /* ConsoleIO.swift */,
				9F6BEFF828B17D41003BDB52 /* MiniCron.swift */,
				9F6BEFFA28B2A3A6003BDB52 /* Extensions.swift */,
			);
			path = MiniCron;
			sourceTree = "<group>";
		};
		9F88255828B3B7B8009C8DCA /* MiniCronTests */ = {
			isa = PBXGroup;
			children = (
				9F88255928B3B7B8009C8DCA /* MiniCronTests.swift */,
			);
			path = MiniCronTests;
			sourceTree = "<group>";
		};
/* End PBXGroup section */

/* Begin PBXNativeTarget section */
		9F141E1328B1702B0064469F /* MiniCron */ = {
			isa = PBXNativeTarget;
			buildConfigurationList = 9F141E1B28B1702B0064469F /* Build configuration list for PBXNativeTarget "MiniCron" */;
			buildPhases = (
				9F141E1028B1702B0064469F /* Sources */,
				9F141E1128B1702B0064469F /* Frameworks */,
				9F141E1228B1702B0064469F /* CopyFiles */,
			);
			buildRules = (
			);
			dependencies = (
			);
			name = MiniCron;
			productName = MiniCron;
			productReference = 9F141E1428B1702B0064469F /* MiniCron */;
			productType = "com.apple.product-type.tool";
		};
		9F88255628B3B7B8009C8DCA /* MiniCronTests */ = {
			isa = PBXNativeTarget;
			buildConfigurationList = 9F88255D28B3B7B8009C8DCA /* Build configuration list for PBXNativeTarget "MiniCronTests" */;
			buildPhases = (
				9F88255328B3B7B8009C8DCA /* Sources */,
				9F88255428B3B7B8009C8DCA /* Frameworks */,
				9F88255528B3B7B8009C8DCA /* Resources */,
			);
			buildRules = (
			);
			dependencies = (
			);
			name = MiniCronTests;
			productName = MiniCronTests;
			productReference = 9F88255728B3B7B8009C8DCA /* MiniCronTests.xctest */;
			productType = "com.apple.product-type.bundle.unit-test";
		};
/* End PBXNativeTarget section */

/* Begin PBXProject section */
		9F141E0C28B1702B0064469F /* Project object */ = {
			isa = PBXProject;
			attributes = {
				BuildIndependentTargetsInParallel = 1;
				LastSwiftUpdateCheck = 1330;
				LastUpgradeCheck = 1330;
				TargetAttributes = {
					9F141E1328B1702B0064469F = {
						CreatedOnToolsVersion = 13.3.1;
					};
					9F88255628B3B7B8009C8DCA = {
						CreatedOnToolsVersion = 13.3.1;
					};
				};
			};
			buildConfigurationList = 9F141E0F28B1702B0064469F /* Build configuration list for PBXProject "MiniCron" */;
			compatibilityVersion = "Xcode 13.0";
			developmentRegion = en;
			hasScannedForEncodings = 0;
			knownRegions = (
				en,
				Base,
			);
			mainGroup = 9F141E0B28B1702B0064469F;
			productRefGroup = 9F141E1528B1702B0064469F /* Products */;
			projectDirPath = "";
			projectRoot = "";
			targets = (
				9F141E1328B1702B0064469F /* MiniCron */,
				9F88255628B3B7B8009C8DCA /* MiniCronTests */,
			);
		};
/* End PBXProject section */

/* Begin PBXResourcesBuildPhase section */
		9F88255528B3B7B8009C8DCA /* Resources */ = {
			isa = PBXResourcesBuildPhase;
			buildActionMask = 2147483647;
			files = (
			);
			runOnlyForDeploymentPostprocessing = 0;
		};
/* End PBXResourcesBuildPhase section */

/* Begin PBXSourcesBuildPhase section */
		9F141E1028B1702B0064469F /* Sources */ = {
			isa = PBXSourcesBuildPhase;
			buildActionMask = 2147483647;
			files = (
				9F6BEFFB28B2A3A6003BDB52 /* Extensions.swift in Sources */,
				9F141E1828B1702B0064469F /* main.swift in Sources */,
				9F6BEFF928B17D41003BDB52 /* MiniCron.swift in Sources */,
				9F141E1F28B170870064469F /* ConsoleIO.swift in Sources */,
			);
			runOnlyForDeploymentPostprocessing = 0;
		};
		9F88255328B3B7B8009C8DCA /* Sources */ = {
			isa = PBXSourcesBuildPhase;
			buildActionMask = 2147483647;
			files = (
				9F88255A28B3B7B8009C8DCA /* MiniCronTests.swift in Sources */,
				9FF0B4B428B3EBB900C44B7B /* MiniCron.swift in Sources */,
				9FF0B4B328B3EBB600C44B7B /* ConsoleIO.swift in Sources */,
				9FF0B4B528B3EBBC00C44B7B /* Extensions.swift in Sources */,
			);
			runOnlyForDeploymentPostprocessing = 0;
		};
/* End PBXSourcesBuildPhase section */

/* Begin XCBuildConfiguration section */
		9F141E1928B1702B0064469F /* Debug */ = {
			isa = XCBuildConfiguration;
			buildSettings = {
				ALWAYS_SEARCH_USER_PATHS = NO;
				CLANG_ANALYZER_NONNULL = YES;
				CLANG_ANALYZER_NUMBER_OBJECT_CONVERSION = YES_AGGRESSIVE;
				CLANG_CXX_LANGUAGE_STANDARD = "gnu++17";
				CLANG_ENABLE_MODULES = YES;
				CLANG_ENABLE_OBJC_ARC = YES;
				CLANG_ENABLE_OBJC_WEAK = YES;
				CLANG_WARN_BLOCK_CAPTURE_AUTORELEASING = YES;
				CLANG_WARN_BOOL_CONVERSION = YES;
				CLANG_WARN_COMMA = YES;
				CLANG_WARN_CONSTANT_CONVERSION = YES;
				CLANG_WARN_DEPRECATED_OBJC_IMPLEMENTATIONS = YES;
				CLANG_WARN_DIRECT_OBJC_ISA_USAGE = YES_ERROR;
				CLANG_WARN_DOCUMENTATION_COMMENTS = YES;
				CLANG_WARN_EMPTY_BODY = YES;
				CLANG_WARN_ENUM_CONVERSION = YES;
				CLANG_WARN_INFINITE_RECURSION = YES;
				CLANG_WARN_INT_CONVERSION = YES;
				CLANG_WARN_NON_LITERAL_NULL_CONVERSION = YES;
				CLANG_WARN_OBJC_IMPLICIT_RETAIN_SELF = YES;
				CLANG_WARN_OBJC_LITERAL_CONVERSION = YES;
				CLANG_WARN_OBJC_ROOT_CLASS = YES_ERROR;
				CLANG_WARN_QUOTED_INCLUDE_IN_FRAMEWORK_HEADER = YES;
				CLANG_WARN_RANGE_LOOP_ANALYSIS = YES;
				CLANG_WARN_STRICT_PROTOTYPES = YES;
				CLANG_WARN_SUSPICIOUS_MOVE = YES;
				CLANG_WARN_UNGUARDED_AVAILABILITY = YES_AGGRESSIVE;
				CLANG_WARN_UNREACHABLE_CODE = YES;
				CLANG_WARN__DUPLICATE_METHOD_MATCH = YES;
				COPY_PHASE_STRIP = NO;
				DEBUG_INFORMATION_FORMAT = dwarf;
				ENABLE_STRICT_OBJC_MSGSEND = YES;
				ENABLE_TESTABILITY = YES;
				GCC_C_LANGUAGE_STANDARD = gnu11;
				GCC_DYNAMIC_NO_PIC = NO;
				GCC_NO_COMMON_BLOCKS = YES;
				GCC_OPTIMIZATION_LEVEL = 0;
				GCC_PREPROCESSOR_DEFINITIONS = (
					"DEBUG=1",
					"$(inherited)",
				);
				GCC_WARN_64_TO_32_BIT_CONVERSION = YES;
				GCC_WARN_ABOUT_RETURN_TYPE = YES_ERROR;
				GCC_WARN_UNDECLARED_SELECTOR = YES;
				GCC_WARN_UNINITIALIZED_AUTOS = YES_AGGRESSIVE;
				GCC_WARN_UNUSED_FUNCTION = YES;
				GCC_WARN_UNUSED_VARIABLE = YES;
				MACOSX_DEPLOYMENT_TARGET = 12.3;
				MTL_ENABLE_DEBUG_INFO = INCLUDE_SOURCE;
				MTL_FAST_MATH = YES;
				ONLY_ACTIVE_ARCH = YES;
				SDKROOT = macosx;
				SWIFT_ACTIVE_COMPILATION_CONDITIONS = DEBUG;
				SWIFT_OPTIMIZATION_LEVEL = "-Onone";
			};
			name = Debug;
		};
		9F141E1A28B1702B0064469F /* Release */ = {
			isa = XCBuildConfiguration;
			buildSettings = {
				ALWAYS_SEARCH_USER_PATHS = NO;
				CLANG_ANALYZER_NONNULL = YES;
				CLANG_ANALYZER_NUMBER_OBJECT_CONVERSION = YES_AGGRESSIVE;
				CLANG_CXX_LANGUAGE_STANDARD = "gnu++17";
				CLANG_ENABLE_MODULES = YES;
				CLANG_ENABLE_OBJC_ARC = YES;
				CLANG_ENABLE_OBJC_WEAK = YES;
				CLANG_WARN_BLOCK_CAPTURE_AUTORELEASING = YES;
				CLANG_WARN_BOOL_CONVERSION = YES;
				CLANG_WARN_COMMA = YES;
				CLANG_WARN_CONSTANT_CONVERSION = YES;
				CLANG_WARN_DEPRECATED_OBJC_IMPLEMENTATIONS = YES;
				CLANG_WARN_DIRECT_OBJC_ISA_USAGE = YES_ERROR;
				CLANG_WARN_DOCUMENTATION_COMMENTS = YES;
				CLANG_WARN_EMPTY_BODY = YES;
				CLANG_WARN_ENUM_CONVERSION = YES;
				CLANG_WARN_INFINITE_RECURSION = YES;
				CLANG_WARN_INT_CONVERSION = YES;
				CLANG_WARN_NON_LITERAL_NULL_CONVERSION = YES;
				CLANG_WARN_OBJC_IMPLICIT_RETAIN_SELF = YES;
				CLANG_WARN_OBJC_LITERAL_CONVERSION = YES;
				CLANG_WARN_OBJC_ROOT_CLASS = YES_ERROR;
				CLANG_WARN_QUOTED_INCLUDE_IN_FRAMEWORK_HEADER = YES;
				CLANG_WARN_RANGE_LOOP_ANALYSIS = YES;
				CLANG_WARN_STRICT_PROTOTYPES = YES;
				CLANG_WARN_SUSPICIOUS_MOVE = YES;
				CLANG_WARN_UNGUARDED_AVAILABILITY = YES_AGGRESSIVE;
				CLANG_WARN_UNREACHABLE_CODE = YES;
				CLANG_WARN__DUPLICATE_METHOD_MATCH = YES;
				COPY_PHASE_STRIP = NO;
				DEBUG_INFORMATION_FORMAT = "dwarf-with-dsym";
				ENABLE_NS_ASSERTIONS = NO;
				ENABLE_STRICT_OBJC_MSGSEND = YES;
				GCC_C_LANGUAGE_STANDARD = gnu11;
				GCC_NO_COMMON_BLOCKS = YES;
				GCC_WARN_64_TO_32_BIT_CONVERSION = YES;
				GCC_WARN_ABOUT_RETURN_TYPE = YES_ERROR;
				GCC_WARN_UNDECLARED_SELECTOR = YES;
				GCC_WARN_UNINITIALIZED_AUTOS = YES_AGGRESSIVE;
				GCC_WARN_UNUSED_FUNCTION = YES;
				GCC_WARN_UNUSED_VARIABLE = YES;
				MACOSX_DEPLOYMENT_TARGET = 12.3;
				MTL_ENABLE_DEBUG_INFO = NO;
				MTL_FAST_MATH = YES;
				SDKROOT = macosx;
				SWIFT_COMPILATION_MODE = wholemodule;
				SWIFT_OPTIMIZATION_LEVEL = "-O";
			};
			name = Release;
		};
		9F141E1C28B1702B0064469F /* Debug */ = {
			isa = XCBuildConfiguration;
			buildSettings = {
				CODE_SIGN_STYLE = Automatic;
				DEVELOPMENT_TEAM = J2P2SALY26;
				ENABLE_HARDENED_RUNTIME = YES;
				PRODUCT_NAME = "$(TARGET_NAME)";
				SWIFT_VERSION = 5.0;
			};
			name = Debug;
		};
		9F141E1D28B1702B0064469F /* Release */ = {
			isa = XCBuildConfiguration;
			buildSettings = {
				CODE_SIGN_STYLE = Automatic;
				DEVELOPMENT_TEAM = J2P2SALY26;
				ENABLE_HARDENED_RUNTIME = YES;
				PRODUCT_NAME = "$(TARGET_NAME)";
				SWIFT_VERSION = 5.0;
			};
			name = Release;
		};
		9F88255B28B3B7B8009C8DCA /* Debug */ = {
			isa = XCBuildConfiguration;
			buildSettings = {
				CODE_SIGN_STYLE = Automatic;
				CURRENT_PROJECT_VERSION = 1;
				DEVELOPMENT_TEAM = J2P2SALY26;
				GENERATE_INFOPLIST_FILE = YES;
				MARKETING_VERSION = 1.0;
				PRODUCT_BUNDLE_IDENTIFIER = com.micbuchanan.MiniCronTests;
				PRODUCT_NAME = "$(TARGET_NAME)";
				SWIFT_EMIT_LOC_STRINGS = NO;
				SWIFT_VERSION = 5.0;
			};
			name = Debug;
		};
		9F88255C28B3B7B8009C8DCA /* Release */ = {
			isa = XCBuildConfiguration;
			buildSettings = {
				CODE_SIGN_STYLE = Automatic;
				CURRENT_PROJECT_VERSION = 1;
				DEVELOPMENT_TEAM = J2P2SALY26;
				GENERATE_INFOPLIST_FILE = YES;
				MARKETING_VERSION = 1.0;
				PRODUCT_BUNDLE_IDENTIFIER = com.micbuchanan.MiniCronTests;
				PRODUCT_NAME = "$(TARGET_NAME)";
				SWIFT_EMIT_LOC_STRINGS = NO;
				SWIFT_VERSION = 5.0;
			};
			name = Release;
		};
/* End XCBuildConfiguration section */

/* Begin XCConfigurationList section */
		9F141E0F28B1702B0064469F /* Build configuration list for PBXProject "MiniCron" */ = {
			isa = XCConfigurationList;
			buildConfigurations = (
				9F141E1928B1702B0064469F /* Debug */,
				9F141E1A28B1702B0064469F /* Release */,
			);
			defaultConfigurationIsVisible = 0;
			defaultConfigurationName = Release;
		};
		9F141E1B28B1702B0064469F /* Build configuration list for PBXNativeTarget "MiniCron" */ = {
			isa = XCConfigurationList;
			buildConfigurations = (
				9F141E1C28B1702B0064469F /* Debug */,
				9F141E1D28B1702B0064469F /* Release */,
			);
			defaultConfigurationIsVisible = 0;
			defaultConfigurationName = Release;
		};
		9F88255D28B3B7B8009C8DCA /* Build configuration list for PBXNativeTarget "MiniCronTests" */ = {
			isa = XCConfigurationList;
			buildConfigurations = (
				9F88255B28B3B7B8009C8DCA /* Debug */,
				9F88255C28B3B7B8009C8DCA /* Release */,
			);
			defaultConfigurationIsVisible = 0;
			defaultConfigurationName = Release;
		};
/* End XCConfigurationList section */
	};
	rootObject = 9F141E0C28B1702B0064469F /* Project object */;
}
